
Microsoft Visual Studio Solution File, Format Version 12.00
# Visual Studio Version 16
VisualStudioVersion = 16.0.30523.141
MinimumVisualStudioVersion = 10.0.40219.1
Project("{FAE04EC0-301F-11D3-BF4B-00C04F79EFBC}") = "ReversoApi", "ReversoApi.csproj", "{5C994B2E-E100-4120-9461-AC7ECF5F65F5}"
EndProject
Project("{FAE04EC0-301F-11D3-BF4B-00C04F79EFBC}") = "ReversoTests", "..\ReversoTests\ReversoTests.csproj", "{C77873B1-3E0C-4250-9193-E8CB5AE19F3A}"
EndProject
Global
	GlobalSection(SolutionConfigurationPlatforms) = preSolution
		Debug|Any CPU = Debug|Any CPU
		Release|Any CPU = Release|Any CPU
	EndGlobalSection
	GlobalSection(ProjectConfigurationPlatforms) = postSolution
		{5C994B2E-E100-4120-9461-AC7ECF5F65F5}.Debug|Any CPU.ActiveCfg = Debug|Any CPU
		{5C994B2E-E100-4120-9461-AC7ECF5F65F5}.Debug|Any CPU.Build.0 = Debug|Any CPU
		{5C994B2E-E100-4120-9461-AC7ECF5F65F5}.Release|Any CPU.ActiveCfg = Release|Any CPU
		{5C994B2E-E100-4120-9461-AC7ECF5F65F5}.Release|Any CPU.Build.0 = Release|Any CPU
		{C77873B1-3E0C-4250-9193-E8CB5AE19F3A}.Debug|Any CPU.ActiveCfg = Debug|Any CPU
		{C77873B1-3E0C-4250-9193-E8CB5AE19F3A}.Debug|Any CPU.Build.0 = Debug|Any CPU
		{C77873B1-3E0C-4250-9193-E8CB5AE19F3A}.Release|Any CPU.ActiveCfg = Release|Any CPU
		{C77873B1-3E0C-4250-9193-E8CB5AE19F3A}.Release|Any CPU.Build.0 = Release|Any CPU
	EndGlobalSection
	GlobalSection(SolutionProperties) = preSolution
		HideSolutionNode = FALSE
	EndGlobalSection
	GlobalSection(ExtensibilityGlobals) = postSolution
		SolutionGuid = {A298E034-AFD1-427C-815A-679D87DBE39D}
	EndGlobalSection
EndGlobal
